
Microsoft Visual Studio Solution File, Format Version 12.00
# Visual Studio Version 17
VisualStudioVersion = 17.7.34031.279
MinimumVisualStudioVersion = 10.0.40219.1
Project("{FAE04EC0-301F-11D3-BF4B-00C04F79EFBC}") = "TacticWebApp", "TacticWebApp\TacticWebApp.csproj", "{E9ED1B1C-A490-4CF4-8B15-F57207E11629}"
EndProject
Global
	GlobalSection(SolutionConfigurationPlatforms) = preSolution
		Debug|Any CPU = Debug|Any CPU
		Release|Any CPU = Release|Any CPU
	EndGlobalSection
	GlobalSection(ProjectConfigurationPlatforms) = postSolution
		{E9ED1B1C-A490-4CF4-8B15-F57207E11629}.Debug|Any CPU.ActiveCfg = Debug|Any CPU
		{E9ED1B1C-A490-4CF4-8B15-F57207E11629}.Debug|Any CPU.Build.0 = Debug|Any CPU
		{E9ED1B1C-A490-4CF4-8B15-F57207E11629}.Release|Any CPU.ActiveCfg = Release|Any CPU
		{E9ED1B1C-A490-4CF4-8B15-F57207E11629}.Release|Any CPU.Build.0 = Release|Any CPU
	EndGlobalSection
	GlobalSection(SolutionProperties) = preSolution
		HideSolutionNode = FALSE
	EndGlobalSection
	GlobalSection(ExtensibilityGlobals) = postSolution
		SolutionGuid = {28C55B63-B989-490A-8725-FC7997B36C1C}
	EndGlobalSection
EndGlobal
